// !$*UTF8*$!
{
	archiveVersion = 1;
	classes = {
	};
	objectVersion = 56;
	objects = {

/* Begin PBXBuildFile section */
		7C31BBB82B66741600BCD99A /* AppDelegate.swift in Sources */ = {isa = PBXBuildFile; fileRef = 7C31BBB72B66741600BCD99A /* AppDelegate.swift */; };
		7C31BBBA2B66741600BCD99A /* SceneDelegate.swift in Sources */ = {isa = PBXBuildFile; fileRef = 7C31BBB92B66741600BCD99A /* SceneDelegate.swift */; };
		7C31BBBC2B66741600BCD99A /* ViewController.swift in Sources */ = {isa = PBXBuildFile; fileRef = 7C31BBBB2B66741600BCD99A /* ViewController.swift */; };
		7C31BBBF2B66741600BCD99A /* Main.storyboard in Resources */ = {isa = PBXBuildFile; fileRef = 7C31BBBD2B66741600BCD99A /* Main.storyboard */; };
		7C31BBC22B66741600BCD99A /* FoursquareClone.xcdatamodeld in Sources */ = {isa = PBXBuildFile; fileRef = 7C31BBC02B66741600BCD99A /* FoursquareClone.xcdatamodeld */; };
		7C31BBC42B66741700BCD99A /* Assets.xcassets in Resources */ = {isa = PBXBuildFile; fileRef = 7C31BBC32B66741700BCD99A /* Assets.xcassets */; };
		7C31BBC72B66741700BCD99A /* LaunchScreen.storyboard in Resources */ = {isa = PBXBuildFile; fileRef = 7C31BBC52B66741700BCD99A /* LaunchScreen.storyboard */; };
		7C31BBCF2B6674F500BCD99A /* GoogleService-Info.plist in Resources */ = {isa = PBXBuildFile; fileRef = 7C31BBCE2B6674F500BCD99A /* GoogleService-Info.plist */; };
		7C31BBD22B66761100BCD99A /* FirebaseAnalytics in Frameworks */ = {isa = PBXBuildFile; productRef = 7C31BBD12B66761100BCD99A /* FirebaseAnalytics */; };
		7C31BBD42B66761100BCD99A /* FirebaseAuth in Frameworks */ = {isa = PBXBuildFile; productRef = 7C31BBD32B66761100BCD99A /* FirebaseAuth */; };
		7C31BBD62B66761100BCD99A /* FirebaseFirestore in Frameworks */ = {isa = PBXBuildFile; productRef = 7C31BBD52B66761100BCD99A /* FirebaseFirestore */; };
		7C31BBD82B66761100BCD99A /* FirebaseStorage in Frameworks */ = {isa = PBXBuildFile; productRef = 7C31BBD72B66761100BCD99A /* FirebaseStorage */; };
		7C31BBDB2B6676D200BCD99A /* SDWebImage in Frameworks */ = {isa = PBXBuildFile; productRef = 7C31BBDA2B6676D200BCD99A /* SDWebImage */; };
		7C31BBDD2B6676D200BCD99A /* SDWebImageMapKit in Frameworks */ = {isa = PBXBuildFile; productRef = 7C31BBDC2B6676D200BCD99A /* SDWebImageMapKit */; };
		7C31BBDF2B667EBF00BCD99A /* SignUpViewController.swift in Sources */ = {isa = PBXBuildFile; fileRef = 7C31BBDE2B667EBF00BCD99A /* SignUpViewController.swift */; };
		7C7ECA5B2B6E729900CCBB15 /* ListViewController.swift in Sources */ = {isa = PBXBuildFile; fileRef = 7C7ECA5A2B6E729900CCBB15 /* ListViewController.swift */; };
		7CA7CA0E2B6F73610073C732 /* UploadViewController.swift in Sources */ = {isa = PBXBuildFile; fileRef = 7CA7CA0D2B6F73610073C732 /* UploadViewController.swift */; };
		7CA7CA102B6F78970073C732 /* MapViewController.swift in Sources */ = {isa = PBXBuildFile; fileRef = 7CA7CA0F2B6F78970073C732 /* MapViewController.swift */; };
		7CA7CA122B6F7ABF0073C732 /* Places.swift in Sources */ = {isa = PBXBuildFile; fileRef = 7CA7CA112B6F7ABF0073C732 /* Places.swift */; };
		7CA7CA142B6FD85A0073C732 /* PlaceDetailViewController.swift in Sources */ = {isa = PBXBuildFile; fileRef = 7CA7CA132B6FD85A0073C732 /* PlaceDetailViewController.swift */; };
		7CB827662B6E842B009B3C36 /* Users.swift in Sources */ = {isa = PBXBuildFile; fileRef = 7CB827652B6E842B009B3C36 /* Users.swift */; };
/* End PBXBuildFile section */

/* Begin PBXFileReference section */
		7C31BBB42B66741600BCD99A /* FoursquareClone.app */ = {isa = PBXFileReference; explicitFileType = wrapper.application; includeInIndex = 0; path = FoursquareClone.app; sourceTree = BUILT_PRODUCTS_DIR; };
		7C31BBB72B66741600BCD99A /* AppDelegate.swift */ = {isa = PBXFileReference; lastKnownFileType = sourcecode.swift; path = AppDelegate.swift; sourceTree = "<group>"; };
		7C31BBB92B66741600BCD99A /* SceneDelegate.swift */ = {isa = PBXFileReference; lastKnownFileType = sourcecode.swift; path = SceneDelegate.swift; sourceTree = "<group>"; };
		7C31BBBB2B66741600BCD99A /* ViewController.swift */ = {isa = PBXFileReference; lastKnownFileType = sourcecode.swift; path = ViewController.swift; sourceTree = "<group>"; };
		7C31BBBE2B66741600BCD99A /* Base */ = {isa = PBXFileReference; lastKnownFileType = file.storyboard; name = Base; path = Base.lproj/Main.storyboard; sourceTree = "<group>"; };
		7C31BBC12B66741600BCD99A /* FoursquareClone.xcdatamodel */ = {isa = PBXFileReference; lastKnownFileType = wrapper.xcdatamodel; path = FoursquareClone.xcdatamodel; sourceTree = "<group>"; };
		7C31BBC32B66741700BCD99A /* Assets.xcassets */ = {isa = PBXFileReference; lastKnownFileType = folder.assetcatalog; path = Assets.xcassets; sourceTree = "<group>"; };
		7C31BBC62B66741700BCD99A /* Base */ = {isa = PBXFileReference; lastKnownFileType = file.storyboard; name = Base; path = Base.lproj/LaunchScreen.storyboard; sourceTree = "<group>"; };
		7C31BBC82B66741700BCD99A /* Info.plist */ = {isa = PBXFileReference; lastKnownFileType = text.plist.xml; path = Info.plist; sourceTree = "<group>"; };
		7C31BBCE2B6674F500BCD99A /* GoogleService-Info.plist */ = {isa = PBXFileReference; fileEncoding = 4; lastKnownFileType = text.plist.xml; path = "GoogleService-Info.plist"; sourceTree = "<group>"; };
		7C31BBDE2B667EBF00BCD99A /* SignUpViewController.swift */ = {isa = PBXFileReference; lastKnownFileType = sourcecode.swift; path = SignUpViewController.swift; sourceTree = "<group>"; };
		7C7ECA5A2B6E729900CCBB15 /* ListViewController.swift */ = {isa = PBXFileReference; lastKnownFileType = sourcecode.swift; path = ListViewController.swift; sourceTree = "<group>"; };
		7CA7CA0D2B6F73610073C732 /* UploadViewController.swift */ = {isa = PBXFileReference; lastKnownFileType = sourcecode.swift; path = UploadViewController.swift; sourceTree = "<group>"; };
		7CA7CA0F2B6F78970073C732 /* MapViewController.swift */ = {isa = PBXFileReference; lastKnownFileType = sourcecode.swift; path = MapViewController.swift; sourceTree = "<group>"; };
		7CA7CA112B6F7ABF0073C732 /* Places.swift */ = {isa = PBXFileReference; lastKnownFileType = sourcecode.swift; path = Places.swift; sourceTree = "<group>"; };
		7CA7CA132B6FD85A0073C732 /* PlaceDetailViewController.swift */ = {isa = PBXFileReference; lastKnownFileType = sourcecode.swift; path = PlaceDetailViewController.swift; sourceTree = "<group>"; };
		7CB827652B6E842B009B3C36 /* Users.swift */ = {isa = PBXFileReference; lastKnownFileType = sourcecode.swift; path = Users.swift; sourceTree = "<group>"; };
/* End PBXFileReference section */

/* Begin PBXFrameworksBuildPhase section */
		7C31BBB12B66741600BCD99A /* Frameworks */ = {
			isa = PBXFrameworksBuildPhase;
			buildActionMask = 2147483647;
			files = (
				7C31BBD22B66761100BCD99A /* FirebaseAnalytics in Frameworks */,
				7C31BBD82B66761100BCD99A /* FirebaseStorage in Frameworks */,
				7C31BBD42B66761100BCD99A /* FirebaseAuth in Frameworks */,
				7C31BBD62B66761100BCD99A /* FirebaseFirestore in Frameworks */,
				7C31BBDD2B6676D200BCD99A /* SDWebImageMapKit in Frameworks */,
				7C31BBDB2B6676D200BCD99A /* SDWebImage in Frameworks */,
			);
			runOnlyForDeploymentPostprocessing = 0;
		};
/* End PBXFrameworksBuildPhase section */

/* Begin PBXGroup section */
		7C31BBAB2B66741600BCD99A = {
			isa = PBXGroup;
			children = (
				7C31BBB62B66741600BCD99A /* FoursquareClone */,
				7C31BBB52B66741600BCD99A /* Products */,
			);
			sourceTree = "<group>";
		};
		7C31BBB52B66741600BCD99A /* Products */ = {
			isa = PBXGroup;
			children = (
				7C31BBB42B66741600BCD99A /* FoursquareClone.app */,
			);
			name = Products;
			sourceTree = "<group>";
		};
		7C31BBB62B66741600BCD99A /* FoursquareClone */ = {
			isa = PBXGroup;
			children = (
				7C31BBB72B66741600BCD99A /* AppDelegate.swift */,
				7C31BBB92B66741600BCD99A /* SceneDelegate.swift */,
				7C31BBBB2B66741600BCD99A /* ViewController.swift */,
				7C31BBBD2B66741600BCD99A /* Main.storyboard */,
				7C31BBC32B66741700BCD99A /* Assets.xcassets */,
				7C31BBC52B66741700BCD99A /* LaunchScreen.storyboard */,
				7C31BBC82B66741700BCD99A /* Info.plist */,
				7C31BBCE2B6674F500BCD99A /* GoogleService-Info.plist */,
				7C31BBC02B66741600BCD99A /* FoursquareClone.xcdatamodeld */,
				7C31BBDE2B667EBF00BCD99A /* SignUpViewController.swift */,
				7C7ECA5A2B6E729900CCBB15 /* ListViewController.swift */,
				7CB827652B6E842B009B3C36 /* Users.swift */,
				7CA7CA0D2B6F73610073C732 /* UploadViewController.swift */,
				7CA7CA0F2B6F78970073C732 /* MapViewController.swift */,
				7CA7CA112B6F7ABF0073C732 /* Places.swift */,
				7CA7CA132B6FD85A0073C732 /* PlaceDetailViewController.swift */,
			);
			path = FoursquareClone;
			sourceTree = "<group>";
		};
/* End PBXGroup section */

/* Begin PBXNativeTarget section */
		7C31BBB32B66741600BCD99A /* FoursquareClone */ = {
			isa = PBXNativeTarget;
			buildConfigurationList = 7C31BBCB2B66741700BCD99A /* Build configuration list for PBXNativeTarget "FoursquareClone" */;
			buildPhases = (
				7C31BBB02B66741600BCD99A /* Sources */,
				7C31BBB12B66741600BCD99A /* Frameworks */,
				7C31BBB22B66741600BCD99A /* Resources */,
			);
			buildRules = (
			);
			dependencies = (
			);
			name = FoursquareClone;
			packageProductDependencies = (
				7C31BBD12B66761100BCD99A /* FirebaseAnalytics */,
				7C31BBD32B66761100BCD99A /* FirebaseAuth */,
				7C31BBD52B66761100BCD99A /* FirebaseFirestore */,
				7C31BBD72B66761100BCD99A /* FirebaseStorage */,
				7C31BBDA2B6676D200BCD99A /* SDWebImage */,
				7C31BBDC2B6676D200BCD99A /* SDWebImageMapKit */,
			);
			productName = FoursquareClone;
			productReference = 7C31BBB42B66741600BCD99A /* FoursquareClone.app */;
			productType = "com.apple.product-type.application";
		};
/* End PBXNativeTarget section */

/* Begin PBXProject section */
		7C31BBAC2B66741600BCD99A /* Project object */ = {
			isa = PBXProject;
			attributes = {
				BuildIndependentTargetsInParallel = 1;
				LastSwiftUpdateCheck = 1510;
				LastUpgradeCheck = 1510;
				TargetAttributes = {
					7C31BBB32B66741600BCD99A = {
						CreatedOnToolsVersion = 15.1;
					};
				};
			};
			buildConfigurationList = 7C31BBAF2B66741600BCD99A /* Build configuration list for PBXProject "FoursquareClone" */;
			compatibilityVersion = "Xcode 14.0";
			developmentRegion = en;
			hasScannedForEncodings = 0;
			knownRegions = (
				en,
				Base,
			);
			mainGroup = 7C31BBAB2B66741600BCD99A;
			packageReferences = (
				7C31BBD02B66761100BCD99A /* XCRemoteSwiftPackageReference "firebase-ios-sdk" */,
				7C31BBD92B6676D200BCD99A /* XCRemoteSwiftPackageReference "SDWebImage" */,
			);
			productRefGroup = 7C31BBB52B66741600BCD99A /* Products */;
			projectDirPath = "";
			projectRoot = "";
			targets = (
				7C31BBB32B66741600BCD99A /* FoursquareClone */,
			);
		};
/* End PBXProject section */

/* Begin PBXResourcesBuildPhase section */
		7C31BBB22B66741600BCD99A /* Resources */ = {
			isa = PBXResourcesBuildPhase;
			buildActionMask = 2147483647;
			files = (
				7C31BBC72B66741700BCD99A /* LaunchScreen.storyboard in Resources */,
				7C31BBCF2B6674F500BCD99A /* GoogleService-Info.plist in Resources */,
				7C31BBC42B66741700BCD99A /* Assets.xcassets in Resources */,
				7C31BBBF2B66741600BCD99A /* Main.storyboard in Resources */,
			);
			runOnlyForDeploymentPostprocessing = 0;
		};
/* End PBXResourcesBuildPhase section */

/* Begin PBXSourcesBuildPhase section */
		7C31BBB02B66741600BCD99A /* Sources */ = {
			isa = PBXSourcesBuildPhase;
			buildActionMask = 2147483647;
			files = (
				7C31BBBC2B66741600BCD99A /* ViewController.swift in Sources */,
				7CA7CA0E2B6F73610073C732 /* UploadViewController.swift in Sources */,
				7C31BBB82B66741600BCD99A /* AppDelegate.swift in Sources */,
				7C7ECA5B2B6E729900CCBB15 /* ListViewController.swift in Sources */,
				7CA7CA102B6F78970073C732 /* MapViewController.swift in Sources */,
				7CA7CA142B6FD85A0073C732 /* PlaceDetailViewController.swift in Sources */,
				7CA7CA122B6F7ABF0073C732 /* Places.swift in Sources */,
				7C31BBC22B66741600BCD99A /* FoursquareClone.xcdatamodeld in Sources */,
				7C31BBBA2B66741600BCD99A /* SceneDelegate.swift in Sources */,
				7C31BBDF2B667EBF00BCD99A /* SignUpViewController.swift in Sources */,
				7CB827662B6E842B009B3C36 /* Users.swift in Sources */,
			);
			runOnlyForDeploymentPostprocessing = 0;
		};
/* End PBXSourcesBuildPhase section */

/* Begin PBXVariantGroup section */
		7C31BBBD2B66741600BCD99A /* Main.storyboard */ = {
			isa = PBXVariantGroup;
			children = (
				7C31BBBE2B66741600BCD99A /* Base */,
			);
			name = Main.storyboard;
			sourceTree = "<group>";
		};
		7C31BBC52B66741700BCD99A /* LaunchScreen.storyboard */ = {
			isa = PBXVariantGroup;
			children = (
				7C31BBC62B66741700BCD99A /* Base */,
			);
			name = LaunchScreen.storyboard;
			sourceTree = "<group>";
		};
/* End PBXVariantGroup section */

/* Begin XCBuildConfiguration section */
		7C31BBC92B66741700BCD99A /* Debug */ = {
			isa = XCBuildConfiguration;
			buildSettings = {
				ALWAYS_SEARCH_USER_PATHS = NO;
				ASSETCATALOG_COMPILER_GENERATE_SWIFT_ASSET_SYMBOL_EXTENSIONS = YES;
				CLANG_ANALYZER_NONNULL = YES;
				CLANG_ANALYZER_NUMBER_OBJECT_CONVERSION = YES_AGGRESSIVE;
				CLANG_CXX_LANGUAGE_STANDARD = "gnu++20";
				CLANG_ENABLE_MODULES = YES;
				CLANG_ENABLE_OBJC_ARC = YES;
				CLANG_ENABLE_OBJC_WEAK = YES;
				CLANG_WARN_BLOCK_CAPTURE_AUTORELEASING = YES;
				CLANG_WARN_BOOL_CONVERSION = YES;
				CLANG_WARN_COMMA = YES;
				CLANG_WARN_CONSTANT_CONVERSION = YES;
				CLANG_WARN_DEPRECATED_OBJC_IMPLEMENTATIONS = YES;
				CLANG_WARN_DIRECT_OBJC_ISA_USAGE = YES_ERROR;
				CLANG_WARN_DOCUMENTATION_COMMENTS = YES;
				CLANG_WARN_EMPTY_BODY = YES;
				CLANG_WARN_ENUM_CONVERSION = YES;
				CLANG_WARN_INFINITE_RECURSION = YES;
				CLANG_WARN_INT_CONVERSION = YES;
				CLANG_WARN_NON_LITERAL_NULL_CONVERSION = YES;
				CLANG_WARN_OBJC_IMPLICIT_RETAIN_SELF = YES;
				CLANG_WARN_OBJC_LITERAL_CONVERSION = YES;
				CLANG_WARN_OBJC_ROOT_CLASS = YES_ERROR;
				CLANG_WARN_QUOTED_INCLUDE_IN_FRAMEWORK_HEADER = YES;
				CLANG_WARN_RANGE_LOOP_ANALYSIS = YES;
				CLANG_WARN_STRICT_PROTOTYPES = YES;
				CLANG_WARN_SUSPICIOUS_MOVE = YES;
				CLANG_WARN_UNGUARDED_AVAILABILITY = YES_AGGRESSIVE;
				CLANG_WARN_UNREACHABLE_CODE = YES;
				CLANG_WARN__DUPLICATE_METHOD_MATCH = YES;
				COPY_PHASE_STRIP = NO;
				DEBUG_INFORMATION_FORMAT = dwarf;
				ENABLE_STRICT_OBJC_MSGSEND = YES;
				ENABLE_TESTABILITY = YES;
				ENABLE_USER_SCRIPT_SANDBOXING = YES;
				GCC_C_LANGUAGE_STANDARD = gnu17;
				GCC_DYNAMIC_NO_PIC = NO;
				GCC_NO_COMMON_BLOCKS = YES;
				GCC_OPTIMIZATION_LEVEL = 0;
				GCC_PREPROCESSOR_DEFINITIONS = (
					"DEBUG=1",
					"$(inherited)",
				);
				GCC_WARN_64_TO_32_BIT_CONVERSION = YES;
				GCC_WARN_ABOUT_RETURN_TYPE = YES_ERROR;
				GCC_WARN_UNDECLARED_SELECTOR = YES;
				GCC_WARN_UNINITIALIZED_AUTOS = YES_AGGRESSIVE;
				GCC_WARN_UNUSED_FUNCTION = YES;
				GCC_WARN_UNUSED_VARIABLE = YES;
				IPHONEOS_DEPLOYMENT_TARGET = 17.2;
				LOCALIZATION_PREFERS_STRING_CATALOGS = YES;
				MTL_ENABLE_DEBUG_INFO = INCLUDE_SOURCE;
				MTL_FAST_MATH = YES;
				ONLY_ACTIVE_ARCH = YES;
				SDKROOT = iphoneos;
				SWIFT_ACTIVE_COMPILATION_CONDITIONS = "DEBUG $(inherited)";
				SWIFT_OPTIMIZATION_LEVEL = "-Onone";
			};
			name = Debug;
		};
		7C31BBCA2B66741700BCD99A /* Release */ = {
			isa = XCBuildConfiguration;
			buildSettings = {
				ALWAYS_SEARCH_USER_PATHS = NO;
				ASSETCATALOG_COMPILER_GENERATE_SWIFT_ASSET_SYMBOL_EXTENSIONS = YES;
				CLANG_ANALYZER_NONNULL = YES;
				CLANG_ANALYZER_NUMBER_OBJECT_CONVERSION = YES_AGGRESSIVE;
				CLANG_CXX_LANGUAGE_STANDARD = "gnu++20";
				CLANG_ENABLE_MODULES = YES;
				CLANG_ENABLE_OBJC_ARC = YES;
				CLANG_ENABLE_OBJC_WEAK = YES;
				CLANG_WARN_BLOCK_CAPTURE_AUTORELEASING = YES;
				CLANG_WARN_BOOL_CONVERSION = YES;
				CLANG_WARN_COMMA = YES;
				CLANG_WARN_CONSTANT_CONVERSION = YES;
				CLANG_WARN_DEPRECATED_OBJC_IMPLEMENTATIONS = YES;
				CLANG_WARN_DIRECT_OBJC_ISA_USAGE = YES_ERROR;
				CLANG_WARN_DOCUMENTATION_COMMENTS = YES;
				CLANG_WARN_EMPTY_BODY = YES;
				CLANG_WARN_ENUM_CONVERSION = YES;
				CLANG_WARN_INFINITE_RECURSION = YES;
				CLANG_WARN_INT_CONVERSION = YES;
				CLANG_WARN_NON_LITERAL_NULL_CONVERSION = YES;
				CLANG_WARN_OBJC_IMPLICIT_RETAIN_SELF = YES;
				CLANG_WARN_OBJC_LITERAL_CONVERSION = YES;
				CLANG_WARN_OBJC_ROOT_CLASS = YES_ERROR;
				CLANG_WARN_QUOTED_INCLUDE_IN_FRAMEWORK_HEADER = YES;
				CLANG_WARN_RANGE_LOOP_ANALYSIS = YES;
				CLANG_WARN_STRICT_PROTOTYPES = YES;
				CLANG_WARN_SUSPICIOUS_MOVE = YES;
				CLANG_WARN_UNGUARDED_AVAILABILITY = YES_AGGRESSIVE;
				CLANG_WARN_UNREACHABLE_CODE = YES;
				CLANG_WARN__DUPLICATE_METHOD_MATCH = YES;
				COPY_PHASE_STRIP = NO;
				DEBUG_INFORMATION_FORMAT = "dwarf-with-dsym";
				ENABLE_NS_ASSERTIONS = NO;
				ENABLE_STRICT_OBJC_MSGSEND = YES;
				ENABLE_USER_SCRIPT_SANDBOXING = YES;
				GCC_C_LANGUAGE_STANDARD = gnu17;
				GCC_NO_COMMON_BLOCKS = YES;
				GCC_WARN_64_TO_32_BIT_CONVERSION = YES;
				GCC_WARN_ABOUT_RETURN_TYPE = YES_ERROR;
				GCC_WARN_UNDECLARED_SELECTOR = YES;
				GCC_WARN_UNINITIALIZED_AUTOS = YES_AGGRESSIVE;
				GCC_WARN_UNUSED_FUNCTION = YES;
				GCC_WARN_UNUSED_VARIABLE = YES;
				IPHONEOS_DEPLOYMENT_TARGET = 17.2;
				LOCALIZATION_PREFERS_STRING_CATALOGS = YES;
				MTL_ENABLE_DEBUG_INFO = NO;
				MTL_FAST_MATH = YES;
				SDKROOT = iphoneos;
				SWIFT_COMPILATION_MODE = wholemodule;
				VALIDATE_PRODUCT = YES;
			};
			name = Release;
		};
		7C31BBCC2B66741700BCD99A /* Debug */ = {
			isa = XCBuildConfiguration;
			buildSettings = {
				ASSETCATALOG_COMPILER_APPICON_NAME = AppIcon;
				ASSETCATALOG_COMPILER_GLOBAL_ACCENT_COLOR_NAME = AccentColor;
				CODE_SIGN_STYLE = Automatic;
				CURRENT_PROJECT_VERSION = 1;
				GENERATE_INFOPLIST_FILE = YES;
				INFOPLIST_FILE = FoursquareClone/Info.plist;
				INFOPLIST_KEY_UIApplicationSupportsIndirectInputEvents = YES;
				INFOPLIST_KEY_UILaunchStoryboardName = LaunchScreen;
				INFOPLIST_KEY_UIMainStoryboardFile = Main;
				INFOPLIST_KEY_UISupportedInterfaceOrientations_iPad = "UIInterfaceOrientationPortrait UIInterfaceOrientationPortraitUpsideDown UIInterfaceOrientationLandscapeLeft UIInterfaceOrientationLandscapeRight";
				INFOPLIST_KEY_UISupportedInterfaceOrientations_iPhone = "UIInterfaceOrientationPortrait UIInterfaceOrientationLandscapeLeft UIInterfaceOrientationLandscapeRight";
				LD_RUNPATH_SEARCH_PATHS = (
					"$(inherited)",
					"@executable_path/Frameworks",
				);
				MARKETING_VERSION = 1.0;
				PRODUCT_BUNDLE_IDENTIFIER = com.ilhancuvelek.FoursquareClone;
				PRODUCT_NAME = "$(TARGET_NAME)";
				SWIFT_EMIT_LOC_STRINGS = YES;
				SWIFT_VERSION = 5.0;
				TARGETED_DEVICE_FAMILY = "1,2";
			};
			name = Debug;
		};
		7C31BBCD2B66741700BCD99A /* Release */ = {
			isa = XCBuildConfiguration;
			buildSettings = {
				ASSETCATALOG_COMPILER_APPICON_NAME = AppIcon;
				ASSETCATALOG_COMPILER_GLOBAL_ACCENT_COLOR_NAME = AccentColor;
				CODE_SIGN_STYLE = Automatic;
				CURRENT_PROJECT_VERSION = 1;
				GENERATE_INFOPLIST_FILE = YES;
				INFOPLIST_FILE = FoursquareClone/Info.plist;
				INFOPLIST_KEY_UIApplicationSupportsIndirectInputEvents = YES;
				INFOPLIST_KEY_UILaunchStoryboardName = LaunchScreen;
				INFOPLIST_KEY_UIMainStoryboardFile = Main;
				INFOPLIST_KEY_UISupportedInterfaceOrientations_iPad = "UIInterfaceOrientationPortrait UIInterfaceOrientationPortraitUpsideDown UIInterfaceOrientationLandscapeLeft UIInterfaceOrientationLandscapeRight";
				INFOPLIST_KEY_UISupportedInterfaceOrientations_iPhone = "UIInterfaceOrientationPortrait UIInterfaceOrientationLandscapeLeft UIInterfaceOrientationLandscapeRight";
				LD_RUNPATH_SEARCH_PATHS = (
					"$(inherited)",
					"@executable_path/Frameworks",
				);
				MARKETING_VERSION = 1.0;
				PRODUCT_BUNDLE_IDENTIFIER = com.ilhancuvelek.FoursquareClone;
				PRODUCT_NAME = "$(TARGET_NAME)";
				SWIFT_EMIT_LOC_STRINGS = YES;
				SWIFT_VERSION = 5.0;
				TARGETED_DEVICE_FAMILY = "1,2";
			};
			name = Release;
		};
/* End XCBuildConfiguration section */

/* Begin XCConfigurationList section */
		7C31BBAF2B66741600BCD99A /* Build configuration list for PBXProject "FoursquareClone" */ = {
			isa = XCConfigurationList;
			buildConfigurations = (
				7C31BBC92B66741700BCD99A /* Debug */,
				7C31BBCA2B66741700BCD99A /* Release */,
			);
			defaultConfigurationIsVisible = 0;
			defaultConfigurationName = Release;
		};
		7C31BBCB2B66741700BCD99A /* Build configuration list for PBXNativeTarget "FoursquareClone" */ = {
			isa = XCConfigurationList;
			buildConfigurations = (
				7C31BBCC2B66741700BCD99A /* Debug */,
				7C31BBCD2B66741700BCD99A /* Release */,
			);
			defaultConfigurationIsVisible = 0;
			defaultConfigurationName = Release;
		};
/* End XCConfigurationList section */

/* Begin XCRemoteSwiftPackageReference section */
		7C31BBD02B66761100BCD99A /* XCRemoteSwiftPackageReference "firebase-ios-sdk" */ = {
			isa = XCRemoteSwiftPackageReference;
			repositoryURL = "https://github.com/firebase/firebase-ios-sdk";
			requirement = {
				kind = upToNextMajorVersion;
				minimumVersion = 10.20.0;
			};
		};
		7C31BBD92B6676D200BCD99A /* XCRemoteSwiftPackageReference "SDWebImage" */ = {
			isa = XCRemoteSwiftPackageReference;
			repositoryURL = "https://github.com/SDWebImage/SDWebImage";
			requirement = {
				kind = upToNextMajorVersion;
				minimumVersion = 5.18.10;
			};
		};
/* End XCRemoteSwiftPackageReference section */

/* Begin XCSwiftPackageProductDependency section */
		7C31BBD12B66761100BCD99A /* FirebaseAnalytics */ = {
			isa = XCSwiftPackageProductDependency;
			package = 7C31BBD02B66761100BCD99A /* XCRemoteSwiftPackageReference "firebase-ios-sdk" */;
			productName = FirebaseAnalytics;
		};
		7C31BBD32B66761100BCD99A /* FirebaseAuth */ = {
			isa = XCSwiftPackageProductDependency;
			package = 7C31BBD02B66761100BCD99A /* XCRemoteSwiftPackageReference "firebase-ios-sdk" */;
			productName = FirebaseAuth;
		};
		7C31BBD52B66761100BCD99A /* FirebaseFirestore */ = {
			isa = XCSwiftPackageProductDependency;
			package = 7C31BBD02B66761100BCD99A /* XCRemoteSwiftPackageReference "firebase-ios-sdk" */;
			productName = FirebaseFirestore;
		};
		7C31BBD72B66761100BCD99A /* FirebaseStorage */ = {
			isa = XCSwiftPackageProductDependency;
			package = 7C31BBD02B66761100BCD99A /* XCRemoteSwiftPackageReference "firebase-ios-sdk" */;
			productName = FirebaseStorage;
		};
		7C31BBDA2B6676D200BCD99A /* SDWebImage */ = {
			isa = XCSwiftPackageProductDependency;
			package = 7C31BBD92B6676D200BCD99A /* XCRemoteSwiftPackageReference "SDWebImage" */;
			productName = SDWebImage;
		};
		7C31BBDC2B6676D200BCD99A /* SDWebImageMapKit */ = {
			isa = XCSwiftPackageProductDependency;
			package = 7C31BBD92B6676D200BCD99A /* XCRemoteSwiftPackageReference "SDWebImage" */;
			productName = SDWebImageMapKit;
		};
/* End XCSwiftPackageProductDependency section */

/* Begin XCVersionGroup section */
		7C31BBC02B66741600BCD99A /* FoursquareClone.xcdatamodeld */ = {
			isa = XCVersionGroup;
			children = (
				7C31BBC12B66741600BCD99A /* FoursquareClone.xcdatamodel */,
			);
			currentVersion = 7C31BBC12B66741600BCD99A /* FoursquareClone.xcdatamodel */;
			path = FoursquareClone.xcdatamodeld;
			sourceTree = "<group>";
			versionGroupType = wrapper.xcdatamodel;
		};
/* End XCVersionGroup section */
	};
	rootObject = 7C31BBAC2B66741600BCD99A /* Project object */;
}
